
Microsoft Visual Studio Solution File, Format Version 12.00
# Visual Studio Version 16
VisualStudioVersion = 16.0.29613.14
MinimumVisualStudioVersion = 10.0.40219.1
Project("{FAE04EC0-301F-11D3-BF4B-00C04F79EFBC}") = "Entidades", "Entidades.csproj", "{A102A586-0B4A-4E90-81EE-A443DE7D008A}"
EndProject
Project("{FAE04EC0-301F-11D3-BF4B-00C04F79EFBC}") = "MiCalculadora", "..\MiCalculadora\MiCalculadora.csproj", "{9359338A-CD8C-4BC4-B20B-9B3E688AA398}"
EndProject
Global
	GlobalSection(SolutionConfigurationPlatforms) = preSolution
		Debug|Any CPU = Debug|Any CPU
		Release|Any CPU = Release|Any CPU
	EndGlobalSection
	GlobalSection(ProjectConfigurationPlatforms) = postSolution
		{A102A586-0B4A-4E90-81EE-A443DE7D008A}.Debug|Any CPU.ActiveCfg = Debug|Any CPU
		{A102A586-0B4A-4E90-81EE-A443DE7D008A}.Debug|Any CPU.Build.0 = Debug|Any CPU
		{A102A586-0B4A-4E90-81EE-A443DE7D008A}.Release|Any CPU.ActiveCfg = Release|Any CPU
		{A102A586-0B4A-4E90-81EE-A443DE7D008A}.Release|Any CPU.Build.0 = Release|Any CPU
		{9359338A-CD8C-4BC4-B20B-9B3E688AA398}.Debug|Any CPU.ActiveCfg = Debug|Any CPU
		{9359338A-CD8C-4BC4-B20B-9B3E688AA398}.Debug|Any CPU.Build.0 = Debug|Any CPU
		{9359338A-CD8C-4BC4-B20B-9B3E688AA398}.Release|Any CPU.ActiveCfg = Release|Any CPU
		{9359338A-CD8C-4BC4-B20B-9B3E688AA398}.Release|Any CPU.Build.0 = Release|Any CPU
	EndGlobalSection
	GlobalSection(SolutionProperties) = preSolution
		HideSolutionNode = FALSE
	EndGlobalSection
	GlobalSection(ExtensibilityGlobals) = postSolution
		SolutionGuid = {9D9CAD97-A4F0-4356-B7A4-3D9F112B4F2B}
	EndGlobalSection
EndGlobal
