
Microsoft Visual Studio Solution File, Format Version 12.00
# Visual Studio Version 16
VisualStudioVersion = 16.0.29613.14
MinimumVisualStudioVersion = 10.0.40219.1
Project("{FAE04EC0-301F-11D3-BF4B-00C04F79EFBC}") = "Entidades", "Entidades\Entidades.csproj", "{F6CDFE53-4BCF-42EA-A303-C174894303D0}"
EndProject
Project("{FAE04EC0-301F-11D3-BF4B-00C04F79EFBC}") = "MainMascota", "MainMascota\MainMascota.csproj", "{B19B2E3F-51D5-4016-87FC-7664E941E01E}"
EndProject
Global
	GlobalSection(SolutionConfigurationPlatforms) = preSolution
		Debug|Any CPU = Debug|Any CPU
		Release|Any CPU = Release|Any CPU
	EndGlobalSection
	GlobalSection(ProjectConfigurationPlatforms) = postSolution
		{F6CDFE53-4BCF-42EA-A303-C174894303D0}.Debug|Any CPU.ActiveCfg = Debug|Any CPU
		{F6CDFE53-4BCF-42EA-A303-C174894303D0}.Debug|Any CPU.Build.0 = Debug|Any CPU
		{F6CDFE53-4BCF-42EA-A303-C174894303D0}.Release|Any CPU.ActiveCfg = Release|Any CPU
		{F6CDFE53-4BCF-42EA-A303-C174894303D0}.Release|Any CPU.Build.0 = Release|Any CPU
		{B19B2E3F-51D5-4016-87FC-7664E941E01E}.Debug|Any CPU.ActiveCfg = Debug|Any CPU
		{B19B2E3F-51D5-4016-87FC-7664E941E01E}.Debug|Any CPU.Build.0 = Debug|Any CPU
		{B19B2E3F-51D5-4016-87FC-7664E941E01E}.Release|Any CPU.ActiveCfg = Release|Any CPU
		{B19B2E3F-51D5-4016-87FC-7664E941E01E}.Release|Any CPU.Build.0 = Release|Any CPU
	EndGlobalSection
	GlobalSection(SolutionProperties) = preSolution
		HideSolutionNode = FALSE
	EndGlobalSection
	GlobalSection(ExtensibilityGlobals) = postSolution
		SolutionGuid = {0B92D053-50AB-4171-B3CD-D2DE62856A45}
	EndGlobalSection
EndGlobal
