
Microsoft Visual Studio Solution File, Format Version 12.00
# Visual Studio Version 16
VisualStudioVersion = 16.0.29613.14
MinimumVisualStudioVersion = 10.0.40219.1
Project("{FAE04EC0-301F-11D3-BF4B-00C04F79EFBC}") = "Entidades", "Entidades\Entidades.csproj", "{76C6C3AE-9518-43E1-BE05-66906D14B0D9}"
EndProject
Project("{FAE04EC0-301F-11D3-BF4B-00C04F79EFBC}") = "Test", "Test\Test.csproj", "{F988CD60-FA9E-45A8-AE6E-5606E9207265}"
EndProject
Global
	GlobalSection(SolutionConfigurationPlatforms) = preSolution
		Debug|Any CPU = Debug|Any CPU
		Release|Any CPU = Release|Any CPU
	EndGlobalSection
	GlobalSection(ProjectConfigurationPlatforms) = postSolution
		{76C6C3AE-9518-43E1-BE05-66906D14B0D9}.Debug|Any CPU.ActiveCfg = Debug|Any CPU
		{76C6C3AE-9518-43E1-BE05-66906D14B0D9}.Debug|Any CPU.Build.0 = Debug|Any CPU
		{76C6C3AE-9518-43E1-BE05-66906D14B0D9}.Release|Any CPU.ActiveCfg = Release|Any CPU
		{76C6C3AE-9518-43E1-BE05-66906D14B0D9}.Release|Any CPU.Build.0 = Release|Any CPU
		{F988CD60-FA9E-45A8-AE6E-5606E9207265}.Debug|Any CPU.ActiveCfg = Debug|Any CPU
		{F988CD60-FA9E-45A8-AE6E-5606E9207265}.Debug|Any CPU.Build.0 = Debug|Any CPU
		{F988CD60-FA9E-45A8-AE6E-5606E9207265}.Release|Any CPU.ActiveCfg = Release|Any CPU
		{F988CD60-FA9E-45A8-AE6E-5606E9207265}.Release|Any CPU.Build.0 = Release|Any CPU
	EndGlobalSection
	GlobalSection(SolutionProperties) = preSolution
		HideSolutionNode = FALSE
	EndGlobalSection
	GlobalSection(ExtensibilityGlobals) = postSolution
		SolutionGuid = {81BEDFCE-19FB-440E-8F75-E0FEDE9CDCB0}
	EndGlobalSection
EndGlobal
