
Microsoft Visual Studio Solution File, Format Version 12.00
# Visual Studio Version 16
VisualStudioVersion = 16.0.30711.63
MinimumVisualStudioVersion = 10.0.40219.1
Project("{FAE04EC0-301F-11D3-BF4B-00C04F79EFBC}") = "Entidades", "Entidades\Entidades.csproj", "{642CFCF7-859E-4769-AA4E-D3703F186D9B}"
EndProject
Project("{FAE04EC0-301F-11D3-BF4B-00C04F79EFBC}") = "FormCarrrera", "FormCarrrera\FormCarrrera.csproj", "{C55C3045-59E8-487A-ABB5-7485C3463F81}"
EndProject
Project("{FAE04EC0-301F-11D3-BF4B-00C04F79EFBC}") = "Serializadores", "Serializadores\Serializadores.csproj", "{F6CEBC5B-CF3B-4165-9C79-9FD26DE52967}"
EndProject
Project("{FAE04EC0-301F-11D3-BF4B-00C04F79EFBC}") = "SQL", "SQL\SQL.csproj", "{0B5DE108-C540-4E79-BF20-C6D254CBB9E3}"
EndProject
Project("{FAE04EC0-301F-11D3-BF4B-00C04F79EFBC}") = "TestsUnitarios", "TestsUnitarios\TestsUnitarios.csproj", "{6FA02A3C-6E62-4A2A-8A84-5B69517394F5}"
EndProject
Global
	GlobalSection(SolutionConfigurationPlatforms) = preSolution
		Debug|Any CPU = Debug|Any CPU
		Release|Any CPU = Release|Any CPU
	EndGlobalSection
	GlobalSection(ProjectConfigurationPlatforms) = postSolution
		{642CFCF7-859E-4769-AA4E-D3703F186D9B}.Debug|Any CPU.ActiveCfg = Debug|Any CPU
		{642CFCF7-859E-4769-AA4E-D3703F186D9B}.Debug|Any CPU.Build.0 = Debug|Any CPU
		{642CFCF7-859E-4769-AA4E-D3703F186D9B}.Release|Any CPU.ActiveCfg = Release|Any CPU
		{642CFCF7-859E-4769-AA4E-D3703F186D9B}.Release|Any CPU.Build.0 = Release|Any CPU
		{C55C3045-59E8-487A-ABB5-7485C3463F81}.Debug|Any CPU.ActiveCfg = Debug|Any CPU
		{C55C3045-59E8-487A-ABB5-7485C3463F81}.Debug|Any CPU.Build.0 = Debug|Any CPU
		{C55C3045-59E8-487A-ABB5-7485C3463F81}.Release|Any CPU.ActiveCfg = Release|Any CPU
		{C55C3045-59E8-487A-ABB5-7485C3463F81}.Release|Any CPU.Build.0 = Release|Any CPU
		{F6CEBC5B-CF3B-4165-9C79-9FD26DE52967}.Debug|Any CPU.ActiveCfg = Debug|Any CPU
		{F6CEBC5B-CF3B-4165-9C79-9FD26DE52967}.Debug|Any CPU.Build.0 = Debug|Any CPU
		{F6CEBC5B-CF3B-4165-9C79-9FD26DE52967}.Release|Any CPU.ActiveCfg = Release|Any CPU
		{F6CEBC5B-CF3B-4165-9C79-9FD26DE52967}.Release|Any CPU.Build.0 = Release|Any CPU
		{0B5DE108-C540-4E79-BF20-C6D254CBB9E3}.Debug|Any CPU.ActiveCfg = Debug|Any CPU
		{0B5DE108-C540-4E79-BF20-C6D254CBB9E3}.Debug|Any CPU.Build.0 = Debug|Any CPU
		{0B5DE108-C540-4E79-BF20-C6D254CBB9E3}.Release|Any CPU.ActiveCfg = Release|Any CPU
		{0B5DE108-C540-4E79-BF20-C6D254CBB9E3}.Release|Any CPU.Build.0 = Release|Any CPU
		{6FA02A3C-6E62-4A2A-8A84-5B69517394F5}.Debug|Any CPU.ActiveCfg = Debug|Any CPU
		{6FA02A3C-6E62-4A2A-8A84-5B69517394F5}.Debug|Any CPU.Build.0 = Debug|Any CPU
		{6FA02A3C-6E62-4A2A-8A84-5B69517394F5}.Release|Any CPU.ActiveCfg = Release|Any CPU
		{6FA02A3C-6E62-4A2A-8A84-5B69517394F5}.Release|Any CPU.Build.0 = Release|Any CPU
	EndGlobalSection
	GlobalSection(SolutionProperties) = preSolution
		HideSolutionNode = FALSE
	EndGlobalSection
	GlobalSection(ExtensibilityGlobals) = postSolution
		SolutionGuid = {19DB8677-410E-419E-9AD8-B79F5FB48548}
	EndGlobalSection
EndGlobal
